
Microsoft Visual Studio Solution File, Format Version 12.00
# Visual Studio Version 17
VisualStudioVersion = 17.0.31919.166
MinimumVisualStudioVersion = 10.0.40219.1
Project("{9A19103F-16F7-4668-BE54-9A1E7A4F7556}") = "NittyGritty", "NittyGritty\NittyGritty.csproj", "{E9EFE766-9D0A-4304-9920-5D0D6E0D2DC5}"
EndProject
Project("{9A19103F-16F7-4668-BE54-9A1E7A4F7556}") = "NittyGritty.Validation", "NittyGritty.Validation\NittyGritty.Validation.csproj", "{AA551F50-E831-4B15-B01E-7D46CD74A04F}"
EndProject
Project("{9A19103F-16F7-4668-BE54-9A1E7A4F7556}") = "NittyGritty.Platform", "NittyGritty.Platform\NittyGritty.Platform.csproj", "{9F764D3A-893F-4B2D-A560-2E03419763DD}"
EndProject
Project("{2150E333-8FDC-42A3-9474-1A3956D46DE8}") = "Solution Items", "Solution Items", "{FD0C72EF-E28A-4212-9A1B-37089933A97F}"
EndProject
Project("{2150E333-8FDC-42A3-9474-1A3956D46DE8}") = "UI", "UI", "{1D5ECDAF-F356-4155-A64A-DA9A6B70B6CA}"
EndProject
Project("{9A19103F-16F7-4668-BE54-9A1E7A4F7556}") = "NittyGritty.UI", "NittyGritty.UI\NittyGritty.UI.csproj", "{B7664BD2-FE91-4DE3-89FC-71EC6E21915C}"
EndProject
Project("{9A19103F-16F7-4668-BE54-9A1E7A4F7556}") = "NittyGritty.UI.Interactivity", "NittyGritty.UI.Interactivity\NittyGritty.UI.Interactivity.csproj", "{457B87E0-D705-49D7-9A71-E7B361814861}"
EndProject
Project("{2150E333-8FDC-42A3-9474-1A3956D46DE8}") = "Core", "Core", "{ACAB4266-A38E-4755-AFCC-883CA5A662AE}"
EndProject
Project("{2150E333-8FDC-42A3-9474-1A3956D46DE8}") = "UWP", "UWP", "{F2C1AB75-FCAB-4EC8-9E0A-AD245A284C46}"
EndProject
Project("{9A19103F-16F7-4668-BE54-9A1E7A4F7556}") = "NittyGritty.Uwp", "NittyGritty.Uwp\NittyGritty.Uwp.csproj", "{F7F26639-DDC1-420F-9B1F-F1A3545857A0}"
EndProject
Project("{2150E333-8FDC-42A3-9474-1A3956D46DE8}") = "Services", "Services", "{9D9A21C4-90BB-41CD-BB0A-A7863A0C5576}"
EndProject
Project("{9A19103F-16F7-4668-BE54-9A1E7A4F7556}") = "NittyGritty.Services", "NittyGritty.Services\NittyGritty.Services.csproj", "{870C6CCC-63D5-480E-A725-9C1BB2533B39}"
EndProject
Project("{2150E333-8FDC-42A3-9474-1A3956D46DE8}") = "Library", "Library", "{1C9E9621-BDD4-4E0A-A9A6-31F4A08BE410}"
EndProject
Project("{2150E333-8FDC-42A3-9474-1A3956D46DE8}") = "helpers", "helpers", "{17DC55E8-B662-4D1C-A86F-7BA99D3C976D}"
	ProjectSection(SolutionItems) = preProject
		helpers\AdErrorEventArgs.shared.cs = helpers\AdErrorEventArgs.shared.cs
		helpers\AdInfo.shared.cs = helpers\AdInfo.shared.cs
		helpers\AdService.netstandard.cs = helpers\AdService.netstandard.cs
		helpers\AdService.shared.cs = helpers\AdService.shared.cs
		helpers\AdService.uwp.cs = helpers\AdService.uwp.cs
		helpers\IAdService.shared.cs = helpers\IAdService.shared.cs
		helpers\IInterstitialAd.shared.cs = helpers\IInterstitialAd.shared.cs
		helpers\INativeAd.shared.cs = helpers\INativeAd.shared.cs
		helpers\INativeAdManager.shared.cs = helpers\INativeAdManager.shared.cs
		helpers\InterstitialAd.uwp.cs = helpers\InterstitialAd.uwp.cs
		helpers\NativeAd.uwp.cs = helpers\NativeAd.uwp.cs
		helpers\NativeAdClickedEventArgs.shared.cs = helpers\NativeAdClickedEventArgs.shared.cs
		helpers\NativeAdManager.uwp.cs = helpers\NativeAdManager.uwp.cs
		helpers\NativeAdReadyEventArgs.shared.cs = helpers\NativeAdReadyEventArgs.shared.cs
	EndProjectSection
EndProject
Project("{2150E333-8FDC-42A3-9474-1A3956D46DE8}") = "UNO", "UNO", "{FED6917C-8DF7-4BD9-A3A8-03686D9DEEEB}"
EndProject
Project("{9A19103F-16F7-4668-BE54-9A1E7A4F7556}") = "NittyGritty.Uno", "NittyGritty.Uno\NittyGritty.Uno.csproj", "{DF143949-C890-470F-95F2-86C8D0F02B53}"
EndProject
Project("{9A19103F-16F7-4668-BE54-9A1E7A4F7556}") = "NittyGritty.Services.Core", "NittyGritty.Services.Core\NittyGritty.Services.Core.csproj", "{1723CC49-0CB5-4350-86C8-FE87EBBF6E6B}"
EndProject
Project("{9A19103F-16F7-4668-BE54-9A1E7A4F7556}") = "NittyGritty.Uno.Services", "NittyGritty.Uno.Services\NittyGritty.Uno.Services.csproj", "{0D83D73C-59AE-475A-AD29-D5053180AC9C}"
EndProject
Project("{9A19103F-16F7-4668-BE54-9A1E7A4F7556}") = "NittyGritty.Uwp.Services", "NittyGritty.Uwp.Services\NittyGritty.Uwp.Services.csproj", "{95B92BEE-9C01-4C3F-9ECE-0BE841FA1440}"
EndProject
Project("{9A19103F-16F7-4668-BE54-9A1E7A4F7556}") = "NittyGritty.Uwp.Activation", "NittyGritty.Uwp.Activation\NittyGritty.Uwp.Activation.csproj", "{E703B2B7-0ED6-4DF5-A2A0-8BBFD664BCA2}"
EndProject
Project("{9A19103F-16F7-4668-BE54-9A1E7A4F7556}") = "NittyGritty.Uwp.Interactivity", "NittyGritty.Uwp.Interactivity\NittyGritty.Uwp.Interactivity.csproj", "{74F78DE0-C526-4812-A154-959CF68C213E}"
EndProject
Project("{2150E333-8FDC-42A3-9474-1A3956D46DE8}") = "Generators", "Generators", "{E54F82F3-CD35-4BC1-B459-639857359BA4}"
EndProject
Project("{9A19103F-16F7-4668-BE54-9A1E7A4F7556}") = "NittyGritty.SourceGenerators", "NittyGritty.SourceGenerators\NittyGritty.SourceGenerators.csproj", "{A85DB215-5F20-4CF0-8461-B71322DC2BFD}"
EndProject
Project("{2150E333-8FDC-42A3-9474-1A3956D46DE8}") = "Sample", "Sample", "{FA660ADD-11BC-4214-B084-8DBB838277CD}"
EndProject
Project("{FAE04EC0-301F-11D3-BF4B-00C04F79EFBC}") = "NittyGritty.Sample", "NittyGritty.Sample\NittyGritty.Sample.csproj", "{3E5700CC-EADB-4BA7-83C0-4BA7A912C299}"
EndProject
Global
	GlobalSection(SolutionConfigurationPlatforms) = preSolution
		Debug|Any CPU = Debug|Any CPU
		Debug|ARM = Debug|ARM
		Debug|ARM64 = Debug|ARM64
		Debug|x64 = Debug|x64
		Debug|x86 = Debug|x86
		Release|Any CPU = Release|Any CPU
		Release|ARM = Release|ARM
		Release|ARM64 = Release|ARM64
		Release|x64 = Release|x64
		Release|x86 = Release|x86
	EndGlobalSection
	GlobalSection(ProjectConfigurationPlatforms) = postSolution
		{E9EFE766-9D0A-4304-9920-5D0D6E0D2DC5}.Debug|Any CPU.ActiveCfg = Debug|Any CPU
		{E9EFE766-9D0A-4304-9920-5D0D6E0D2DC5}.Debug|Any CPU.Build.0 = Debug|Any CPU
		{E9EFE766-9D0A-4304-9920-5D0D6E0D2DC5}.Debug|ARM.ActiveCfg = Debug|Any CPU
		{E9EFE766-9D0A-4304-9920-5D0D6E0D2DC5}.Debug|ARM.Build.0 = Debug|Any CPU
		{E9EFE766-9D0A-4304-9920-5D0D6E0D2DC5}.Debug|ARM64.ActiveCfg = Debug|Any CPU
		{E9EFE766-9D0A-4304-9920-5D0D6E0D2DC5}.Debug|ARM64.Build.0 = Debug|Any CPU
		{E9EFE766-9D0A-4304-9920-5D0D6E0D2DC5}.Debug|x64.ActiveCfg = Debug|Any CPU
		{E9EFE766-9D0A-4304-9920-5D0D6E0D2DC5}.Debug|x64.Build.0 = Debug|Any CPU
		{E9EFE766-9D0A-4304-9920-5D0D6E0D2DC5}.Debug|x86.ActiveCfg = Debug|Any CPU
		{E9EFE766-9D0A-4304-9920-5D0D6E0D2DC5}.Debug|x86.Build.0 = Debug|Any CPU
		{E9EFE766-9D0A-4304-9920-5D0D6E0D2DC5}.Release|Any CPU.ActiveCfg = Release|Any CPU
		{E9EFE766-9D0A-4304-9920-5D0D6E0D2DC5}.Release|Any CPU.Build.0 = Release|Any CPU
		{E9EFE766-9D0A-4304-9920-5D0D6E0D2DC5}.Release|ARM.ActiveCfg = Release|Any CPU
		{E9EFE766-9D0A-4304-9920-5D0D6E0D2DC5}.Release|ARM.Build.0 = Release|Any CPU
		{E9EFE766-9D0A-4304-9920-5D0D6E0D2DC5}.Release|ARM64.ActiveCfg = Release|Any CPU
		{E9EFE766-9D0A-4304-9920-5D0D6E0D2DC5}.Release|ARM64.Build.0 = Release|Any CPU
		{E9EFE766-9D0A-4304-9920-5D0D6E0D2DC5}.Release|x64.ActiveCfg = Release|Any CPU
		{E9EFE766-9D0A-4304-9920-5D0D6E0D2DC5}.Release|x64.Build.0 = Release|Any CPU
		{E9EFE766-9D0A-4304-9920-5D0D6E0D2DC5}.Release|x86.ActiveCfg = Release|Any CPU
		{E9EFE766-9D0A-4304-9920-5D0D6E0D2DC5}.Release|x86.Build.0 = Release|Any CPU
		{AA551F50-E831-4B15-B01E-7D46CD74A04F}.Debug|Any CPU.ActiveCfg = Debug|Any CPU
		{AA551F50-E831-4B15-B01E-7D46CD74A04F}.Debug|Any CPU.Build.0 = Debug|Any CPU
		{AA551F50-E831-4B15-B01E-7D46CD74A04F}.Debug|ARM.ActiveCfg = Debug|Any CPU
		{AA551F50-E831-4B15-B01E-7D46CD74A04F}.Debug|ARM.Build.0 = Debug|Any CPU
		{AA551F50-E831-4B15-B01E-7D46CD74A04F}.Debug|ARM64.ActiveCfg = Debug|Any CPU
		{AA551F50-E831-4B15-B01E-7D46CD74A04F}.Debug|ARM64.Build.0 = Debug|Any CPU
		{AA551F50-E831-4B15-B01E-7D46CD74A04F}.Debug|x64.ActiveCfg = Debug|Any CPU
		{AA551F50-E831-4B15-B01E-7D46CD74A04F}.Debug|x64.Build.0 = Debug|Any CPU
		{AA551F50-E831-4B15-B01E-7D46CD74A04F}.Debug|x86.ActiveCfg = Debug|Any CPU
		{AA551F50-E831-4B15-B01E-7D46CD74A04F}.Debug|x86.Build.0 = Debug|Any CPU
		{AA551F50-E831-4B15-B01E-7D46CD74A04F}.Release|Any CPU.ActiveCfg = Release|Any CPU
		{AA551F50-E831-4B15-B01E-7D46CD74A04F}.Release|Any CPU.Build.0 = Release|Any CPU
		{AA551F50-E831-4B15-B01E-7D46CD74A04F}.Release|ARM.ActiveCfg = Release|Any CPU
		{AA551F50-E831-4B15-B01E-7D46CD74A04F}.Release|ARM.Build.0 = Release|Any CPU
		{AA551F50-E831-4B15-B01E-7D46CD74A04F}.Release|ARM64.ActiveCfg = Release|Any CPU
		{AA551F50-E831-4B15-B01E-7D46CD74A04F}.Release|ARM64.Build.0 = Release|Any CPU
		{AA551F50-E831-4B15-B01E-7D46CD74A04F}.Release|x64.ActiveCfg = Release|Any CPU
		{AA551F50-E831-4B15-B01E-7D46CD74A04F}.Release|x64.Build.0 = Release|Any CPU
		{AA551F50-E831-4B15-B01E-7D46CD74A04F}.Release|x86.ActiveCfg = Release|Any CPU
		{AA551F50-E831-4B15-B01E-7D46CD74A04F}.Release|x86.Build.0 = Release|Any CPU
		{9F764D3A-893F-4B2D-A560-2E03419763DD}.Debug|Any CPU.ActiveCfg = Debug|Any CPU
		{9F764D3A-893F-4B2D-A560-2E03419763DD}.Debug|Any CPU.Build.0 = Debug|Any CPU
		{9F764D3A-893F-4B2D-A560-2E03419763DD}.Debug|ARM.ActiveCfg = Debug|Any CPU
		{9F764D3A-893F-4B2D-A560-2E03419763DD}.Debug|ARM.Build.0 = Debug|Any CPU
		{9F764D3A-893F-4B2D-A560-2E03419763DD}.Debug|ARM64.ActiveCfg = Debug|Any CPU
		{9F764D3A-893F-4B2D-A560-2E03419763DD}.Debug|ARM64.Build.0 = Debug|Any CPU
		{9F764D3A-893F-4B2D-A560-2E03419763DD}.Debug|x64.ActiveCfg = Debug|Any CPU
		{9F764D3A-893F-4B2D-A560-2E03419763DD}.Debug|x64.Build.0 = Debug|Any CPU
		{9F764D3A-893F-4B2D-A560-2E03419763DD}.Debug|x86.ActiveCfg = Debug|Any CPU
		{9F764D3A-893F-4B2D-A560-2E03419763DD}.Debug|x86.Build.0 = Debug|Any CPU
		{9F764D3A-893F-4B2D-A560-2E03419763DD}.Release|Any CPU.ActiveCfg = Release|Any CPU
		{9F764D3A-893F-4B2D-A560-2E03419763DD}.Release|Any CPU.Build.0 = Release|Any CPU
		{9F764D3A-893F-4B2D-A560-2E03419763DD}.Release|ARM.ActiveCfg = Release|Any CPU
		{9F764D3A-893F-4B2D-A560-2E03419763DD}.Release|ARM.Build.0 = Release|Any CPU
		{9F764D3A-893F-4B2D-A560-2E03419763DD}.Release|ARM64.ActiveCfg = Release|Any CPU
		{9F764D3A-893F-4B2D-A560-2E03419763DD}.Release|ARM64.Build.0 = Release|Any CPU
		{9F764D3A-893F-4B2D-A560-2E03419763DD}.Release|x64.ActiveCfg = Release|Any CPU
		{9F764D3A-893F-4B2D-A560-2E03419763DD}.Release|x64.Build.0 = Release|Any CPU
		{9F764D3A-893F-4B2D-A560-2E03419763DD}.Release|x86.ActiveCfg = Release|Any CPU
		{9F764D3A-893F-4B2D-A560-2E03419763DD}.Release|x86.Build.0 = Release|Any CPU
		{B7664BD2-FE91-4DE3-89FC-71EC6E21915C}.Debug|Any CPU.ActiveCfg = Debug|Any CPU
		{B7664BD2-FE91-4DE3-89FC-71EC6E21915C}.Debug|Any CPU.Build.0 = Debug|Any CPU
		{B7664BD2-FE91-4DE3-89FC-71EC6E21915C}.Debug|ARM.ActiveCfg = Debug|Any CPU
		{B7664BD2-FE91-4DE3-89FC-71EC6E21915C}.Debug|ARM.Build.0 = Debug|Any CPU
		{B7664BD2-FE91-4DE3-89FC-71EC6E21915C}.Debug|ARM64.ActiveCfg = Debug|Any CPU
		{B7664BD2-FE91-4DE3-89FC-71EC6E21915C}.Debug|ARM64.Build.0 = Debug|Any CPU
		{B7664BD2-FE91-4DE3-89FC-71EC6E21915C}.Debug|x64.ActiveCfg = Debug|Any CPU
		{B7664BD2-FE91-4DE3-89FC-71EC6E21915C}.Debug|x64.Build.0 = Debug|Any CPU
		{B7664BD2-FE91-4DE3-89FC-71EC6E21915C}.Debug|x86.ActiveCfg = Debug|Any CPU
		{B7664BD2-FE91-4DE3-89FC-71EC6E21915C}.Debug|x86.Build.0 = Debug|Any CPU
		{B7664BD2-FE91-4DE3-89FC-71EC6E21915C}.Release|Any CPU.ActiveCfg = Release|Any CPU
		{B7664BD2-FE91-4DE3-89FC-71EC6E21915C}.Release|Any CPU.Build.0 = Release|Any CPU
		{B7664BD2-FE91-4DE3-89FC-71EC6E21915C}.Release|ARM.ActiveCfg = Release|Any CPU
		{B7664BD2-FE91-4DE3-89FC-71EC6E21915C}.Release|ARM.Build.0 = Release|Any CPU
		{B7664BD2-FE91-4DE3-89FC-71EC6E21915C}.Release|ARM64.ActiveCfg = Release|Any CPU
		{B7664BD2-FE91-4DE3-89FC-71EC6E21915C}.Release|ARM64.Build.0 = Release|Any CPU
		{B7664BD2-FE91-4DE3-89FC-71EC6E21915C}.Release|x64.ActiveCfg = Release|Any CPU
		{B7664BD2-FE91-4DE3-89FC-71EC6E21915C}.Release|x64.Build.0 = Release|Any CPU
		{B7664BD2-FE91-4DE3-89FC-71EC6E21915C}.Release|x86.ActiveCfg = Release|Any CPU
		{B7664BD2-FE91-4DE3-89FC-71EC6E21915C}.Release|x86.Build.0 = Release|Any CPU
		{457B87E0-D705-49D7-9A71-E7B361814861}.Debug|Any CPU.ActiveCfg = Debug|Any CPU
		{457B87E0-D705-49D7-9A71-E7B361814861}.Debug|Any CPU.Build.0 = Debug|Any CPU
		{457B87E0-D705-49D7-9A71-E7B361814861}.Debug|ARM.ActiveCfg = Debug|Any CPU
		{457B87E0-D705-49D7-9A71-E7B361814861}.Debug|ARM.Build.0 = Debug|Any CPU
		{457B87E0-D705-49D7-9A71-E7B361814861}.Debug|ARM64.ActiveCfg = Debug|Any CPU
		{457B87E0-D705-49D7-9A71-E7B361814861}.Debug|ARM64.Build.0 = Debug|Any CPU
		{457B87E0-D705-49D7-9A71-E7B361814861}.Debug|x64.ActiveCfg = Debug|Any CPU
		{457B87E0-D705-49D7-9A71-E7B361814861}.Debug|x64.Build.0 = Debug|Any CPU
		{457B87E0-D705-49D7-9A71-E7B361814861}.Debug|x86.ActiveCfg = Debug|Any CPU
		{457B87E0-D705-49D7-9A71-E7B361814861}.Debug|x86.Build.0 = Debug|Any CPU
		{457B87E0-D705-49D7-9A71-E7B361814861}.Release|Any CPU.ActiveCfg = Release|Any CPU
		{457B87E0-D705-49D7-9A71-E7B361814861}.Release|Any CPU.Build.0 = Release|Any CPU
		{457B87E0-D705-49D7-9A71-E7B361814861}.Release|ARM.ActiveCfg = Release|Any CPU
		{457B87E0-D705-49D7-9A71-E7B361814861}.Release|ARM.Build.0 = Release|Any CPU
		{457B87E0-D705-49D7-9A71-E7B361814861}.Release|ARM64.ActiveCfg = Release|Any CPU
		{457B87E0-D705-49D7-9A71-E7B361814861}.Release|ARM64.Build.0 = Release|Any CPU
		{457B87E0-D705-49D7-9A71-E7B361814861}.Release|x64.ActiveCfg = Release|Any CPU
		{457B87E0-D705-49D7-9A71-E7B361814861}.Release|x64.Build.0 = Release|Any CPU
		{457B87E0-D705-49D7-9A71-E7B361814861}.Release|x86.ActiveCfg = Release|Any CPU
		{457B87E0-D705-49D7-9A71-E7B361814861}.Release|x86.Build.0 = Release|Any CPU
		{F7F26639-DDC1-420F-9B1F-F1A3545857A0}.Debug|Any CPU.ActiveCfg = Debug|Any CPU
		{F7F26639-DDC1-420F-9B1F-F1A3545857A0}.Debug|Any CPU.Build.0 = Debug|Any CPU
		{F7F26639-DDC1-420F-9B1F-F1A3545857A0}.Debug|ARM.ActiveCfg = Debug|Any CPU
		{F7F26639-DDC1-420F-9B1F-F1A3545857A0}.Debug|ARM.Build.0 = Debug|Any CPU
		{F7F26639-DDC1-420F-9B1F-F1A3545857A0}.Debug|ARM64.ActiveCfg = Debug|Any CPU
		{F7F26639-DDC1-420F-9B1F-F1A3545857A0}.Debug|ARM64.Build.0 = Debug|Any CPU
		{F7F26639-DDC1-420F-9B1F-F1A3545857A0}.Debug|x64.ActiveCfg = Debug|Any CPU
		{F7F26639-DDC1-420F-9B1F-F1A3545857A0}.Debug|x64.Build.0 = Debug|Any CPU
		{F7F26639-DDC1-420F-9B1F-F1A3545857A0}.Debug|x86.ActiveCfg = Debug|Any CPU
		{F7F26639-DDC1-420F-9B1F-F1A3545857A0}.Debug|x86.Build.0 = Debug|Any CPU
		{F7F26639-DDC1-420F-9B1F-F1A3545857A0}.Release|Any CPU.ActiveCfg = Release|Any CPU
		{F7F26639-DDC1-420F-9B1F-F1A3545857A0}.Release|Any CPU.Build.0 = Release|Any CPU
		{F7F26639-DDC1-420F-9B1F-F1A3545857A0}.Release|ARM.ActiveCfg = Release|Any CPU
		{F7F26639-DDC1-420F-9B1F-F1A3545857A0}.Release|ARM.Build.0 = Release|Any CPU
		{F7F26639-DDC1-420F-9B1F-F1A3545857A0}.Release|ARM64.ActiveCfg = Release|Any CPU
		{F7F26639-DDC1-420F-9B1F-F1A3545857A0}.Release|ARM64.Build.0 = Release|Any CPU
		{F7F26639-DDC1-420F-9B1F-F1A3545857A0}.Release|x64.ActiveCfg = Release|Any CPU
		{F7F26639-DDC1-420F-9B1F-F1A3545857A0}.Release|x64.Build.0 = Release|Any CPU
		{F7F26639-DDC1-420F-9B1F-F1A3545857A0}.Release|x86.ActiveCfg = Release|Any CPU
		{F7F26639-DDC1-420F-9B1F-F1A3545857A0}.Release|x86.Build.0 = Release|Any CPU
		{870C6CCC-63D5-480E-A725-9C1BB2533B39}.Debug|Any CPU.ActiveCfg = Debug|Any CPU
		{870C6CCC-63D5-480E-A725-9C1BB2533B39}.Debug|Any CPU.Build.0 = Debug|Any CPU
		{870C6CCC-63D5-480E-A725-9C1BB2533B39}.Debug|ARM.ActiveCfg = Debug|Any CPU
		{870C6CCC-63D5-480E-A725-9C1BB2533B39}.Debug|ARM.Build.0 = Debug|Any CPU
		{870C6CCC-63D5-480E-A725-9C1BB2533B39}.Debug|ARM64.ActiveCfg = Debug|Any CPU
		{870C6CCC-63D5-480E-A725-9C1BB2533B39}.Debug|ARM64.Build.0 = Debug|Any CPU
		{870C6CCC-63D5-480E-A725-9C1BB2533B39}.Debug|x64.ActiveCfg = Debug|Any CPU
		{870C6CCC-63D5-480E-A725-9C1BB2533B39}.Debug|x64.Build.0 = Debug|Any CPU
		{870C6CCC-63D5-480E-A725-9C1BB2533B39}.Debug|x86.ActiveCfg = Debug|Any CPU
		{870C6CCC-63D5-480E-A725-9C1BB2533B39}.Debug|x86.Build.0 = Debug|Any CPU
		{870C6CCC-63D5-480E-A725-9C1BB2533B39}.Release|Any CPU.ActiveCfg = Release|Any CPU
		{870C6CCC-63D5-480E-A725-9C1BB2533B39}.Release|Any CPU.Build.0 = Release|Any CPU
		{870C6CCC-63D5-480E-A725-9C1BB2533B39}.Release|ARM.ActiveCfg = Release|Any CPU
		{870C6CCC-63D5-480E-A725-9C1BB2533B39}.Release|ARM.Build.0 = Release|Any CPU
		{870C6CCC-63D5-480E-A725-9C1BB2533B39}.Release|ARM64.ActiveCfg = Release|Any CPU
		{870C6CCC-63D5-480E-A725-9C1BB2533B39}.Release|ARM64.Build.0 = Release|Any CPU
		{870C6CCC-63D5-480E-A725-9C1BB2533B39}.Release|x64.ActiveCfg = Release|Any CPU
		{870C6CCC-63D5-480E-A725-9C1BB2533B39}.Release|x64.Build.0 = Release|Any CPU
		{870C6CCC-63D5-480E-A725-9C1BB2533B39}.Release|x86.ActiveCfg = Release|Any CPU
		{870C6CCC-63D5-480E-A725-9C1BB2533B39}.Release|x86.Build.0 = Release|Any CPU
		{DF143949-C890-470F-95F2-86C8D0F02B53}.Debug|Any CPU.ActiveCfg = Debug|Any CPU
		{DF143949-C890-470F-95F2-86C8D0F02B53}.Debug|Any CPU.Build.0 = Debug|Any CPU
		{DF143949-C890-470F-95F2-86C8D0F02B53}.Debug|ARM.ActiveCfg = Debug|Any CPU
		{DF143949-C890-470F-95F2-86C8D0F02B53}.Debug|ARM.Build.0 = Debug|Any CPU
		{DF143949-C890-470F-95F2-86C8D0F02B53}.Debug|ARM64.ActiveCfg = Debug|Any CPU
		{DF143949-C890-470F-95F2-86C8D0F02B53}.Debug|ARM64.Build.0 = Debug|Any CPU
		{DF143949-C890-470F-95F2-86C8D0F02B53}.Debug|x64.ActiveCfg = Debug|Any CPU
		{DF143949-C890-470F-95F2-86C8D0F02B53}.Debug|x64.Build.0 = Debug|Any CPU
		{DF143949-C890-470F-95F2-86C8D0F02B53}.Debug|x86.ActiveCfg = Debug|Any CPU
		{DF143949-C890-470F-95F2-86C8D0F02B53}.Debug|x86.Build.0 = Debug|Any CPU
		{DF143949-C890-470F-95F2-86C8D0F02B53}.Release|Any CPU.ActiveCfg = Release|Any CPU
		{DF143949-C890-470F-95F2-86C8D0F02B53}.Release|Any CPU.Build.0 = Release|Any CPU
		{DF143949-C890-470F-95F2-86C8D0F02B53}.Release|ARM.ActiveCfg = Release|Any CPU
		{DF143949-C890-470F-95F2-86C8D0F02B53}.Release|ARM.Build.0 = Release|Any CPU
		{DF143949-C890-470F-95F2-86C8D0F02B53}.Release|ARM64.ActiveCfg = Release|Any CPU
		{DF143949-C890-470F-95F2-86C8D0F02B53}.Release|ARM64.Build.0 = Release|Any CPU
		{DF143949-C890-470F-95F2-86C8D0F02B53}.Release|x64.ActiveCfg = Release|Any CPU
		{DF143949-C890-470F-95F2-86C8D0F02B53}.Release|x64.Build.0 = Release|Any CPU
		{DF143949-C890-470F-95F2-86C8D0F02B53}.Release|x86.ActiveCfg = Release|Any CPU
		{DF143949-C890-470F-95F2-86C8D0F02B53}.Release|x86.Build.0 = Release|Any CPU
		{1723CC49-0CB5-4350-86C8-FE87EBBF6E6B}.Debug|Any CPU.ActiveCfg = Debug|Any CPU
		{1723CC49-0CB5-4350-86C8-FE87EBBF6E6B}.Debug|Any CPU.Build.0 = Debug|Any CPU
		{1723CC49-0CB5-4350-86C8-FE87EBBF6E6B}.Debug|ARM.ActiveCfg = Debug|Any CPU
		{1723CC49-0CB5-4350-86C8-FE87EBBF6E6B}.Debug|ARM.Build.0 = Debug|Any CPU
		{1723CC49-0CB5-4350-86C8-FE87EBBF6E6B}.Debug|ARM64.ActiveCfg = Debug|Any CPU
		{1723CC49-0CB5-4350-86C8-FE87EBBF6E6B}.Debug|ARM64.Build.0 = Debug|Any CPU
		{1723CC49-0CB5-4350-86C8-FE87EBBF6E6B}.Debug|x64.ActiveCfg = Debug|Any CPU
		{1723CC49-0CB5-4350-86C8-FE87EBBF6E6B}.Debug|x64.Build.0 = Debug|Any CPU
		{1723CC49-0CB5-4350-86C8-FE87EBBF6E6B}.Debug|x86.ActiveCfg = Debug|Any CPU
		{1723CC49-0CB5-4350-86C8-FE87EBBF6E6B}.Debug|x86.Build.0 = Debug|Any CPU
		{1723CC49-0CB5-4350-86C8-FE87EBBF6E6B}.Release|Any CPU.ActiveCfg = Release|Any CPU
		{1723CC49-0CB5-4350-86C8-FE87EBBF6E6B}.Release|Any CPU.Build.0 = Release|Any CPU
		{1723CC49-0CB5-4350-86C8-FE87EBBF6E6B}.Release|ARM.ActiveCfg = Release|Any CPU
		{1723CC49-0CB5-4350-86C8-FE87EBBF6E6B}.Release|ARM.Build.0 = Release|Any CPU
		{1723CC49-0CB5-4350-86C8-FE87EBBF6E6B}.Release|ARM64.ActiveCfg = Release|Any CPU
		{1723CC49-0CB5-4350-86C8-FE87EBBF6E6B}.Release|ARM64.Build.0 = Release|Any CPU
		{1723CC49-0CB5-4350-86C8-FE87EBBF6E6B}.Release|x64.ActiveCfg = Release|Any CPU
		{1723CC49-0CB5-4350-86C8-FE87EBBF6E6B}.Release|x64.Build.0 = Release|Any CPU
		{1723CC49-0CB5-4350-86C8-FE87EBBF6E6B}.Release|x86.ActiveCfg = Release|Any CPU
		{1723CC49-0CB5-4350-86C8-FE87EBBF6E6B}.Release|x86.Build.0 = Release|Any CPU
		{0D83D73C-59AE-475A-AD29-D5053180AC9C}.Debug|Any CPU.ActiveCfg = Debug|Any CPU
		{0D83D73C-59AE-475A-AD29-D5053180AC9C}.Debug|Any CPU.Build.0 = Debug|Any CPU
		{0D83D73C-59AE-475A-AD29-D5053180AC9C}.Debug|ARM.ActiveCfg = Debug|Any CPU
		{0D83D73C-59AE-475A-AD29-D5053180AC9C}.Debug|ARM.Build.0 = Debug|Any CPU
		{0D83D73C-59AE-475A-AD29-D5053180AC9C}.Debug|ARM64.ActiveCfg = Debug|Any CPU
		{0D83D73C-59AE-475A-AD29-D5053180AC9C}.Debug|ARM64.Build.0 = Debug|Any CPU
		{0D83D73C-59AE-475A-AD29-D5053180AC9C}.Debug|x64.ActiveCfg = Debug|Any CPU
		{0D83D73C-59AE-475A-AD29-D5053180AC9C}.Debug|x64.Build.0 = Debug|Any CPU
		{0D83D73C-59AE-475A-AD29-D5053180AC9C}.Debug|x86.ActiveCfg = Debug|Any CPU
		{0D83D73C-59AE-475A-AD29-D5053180AC9C}.Debug|x86.Build.0 = Debug|Any CPU
		{0D83D73C-59AE-475A-AD29-D5053180AC9C}.Release|Any CPU.ActiveCfg = Release|Any CPU
		{0D83D73C-59AE-475A-AD29-D5053180AC9C}.Release|Any CPU.Build.0 = Release|Any CPU
		{0D83D73C-59AE-475A-AD29-D5053180AC9C}.Release|ARM.ActiveCfg = Release|Any CPU
		{0D83D73C-59AE-475A-AD29-D5053180AC9C}.Release|ARM.Build.0 = Release|Any CPU
		{0D83D73C-59AE-475A-AD29-D5053180AC9C}.Release|ARM64.ActiveCfg = Release|Any CPU
		{0D83D73C-59AE-475A-AD29-D5053180AC9C}.Release|ARM64.Build.0 = Release|Any CPU
		{0D83D73C-59AE-475A-AD29-D5053180AC9C}.Release|x64.ActiveCfg = Release|Any CPU
		{0D83D73C-59AE-475A-AD29-D5053180AC9C}.Release|x64.Build.0 = Release|Any CPU
		{0D83D73C-59AE-475A-AD29-D5053180AC9C}.Release|x86.ActiveCfg = Release|Any CPU
		{0D83D73C-59AE-475A-AD29-D5053180AC9C}.Release|x86.Build.0 = Release|Any CPU
		{95B92BEE-9C01-4C3F-9ECE-0BE841FA1440}.Debug|Any CPU.ActiveCfg = Debug|Any CPU
		{95B92BEE-9C01-4C3F-9ECE-0BE841FA1440}.Debug|Any CPU.Build.0 = Debug|Any CPU
		{95B92BEE-9C01-4C3F-9ECE-0BE841FA1440}.Debug|ARM.ActiveCfg = Debug|Any CPU
		{95B92BEE-9C01-4C3F-9ECE-0BE841FA1440}.Debug|ARM.Build.0 = Debug|Any CPU
		{95B92BEE-9C01-4C3F-9ECE-0BE841FA1440}.Debug|ARM64.ActiveCfg = Debug|Any CPU
		{95B92BEE-9C01-4C3F-9ECE-0BE841FA1440}.Debug|ARM64.Build.0 = Debug|Any CPU
		{95B92BEE-9C01-4C3F-9ECE-0BE841FA1440}.Debug|x64.ActiveCfg = Debug|Any CPU
		{95B92BEE-9C01-4C3F-9ECE-0BE841FA1440}.Debug|x64.Build.0 = Debug|Any CPU
		{95B92BEE-9C01-4C3F-9ECE-0BE841FA1440}.Debug|x86.ActiveCfg = Debug|Any CPU
		{95B92BEE-9C01-4C3F-9ECE-0BE841FA1440}.Debug|x86.Build.0 = Debug|Any CPU
		{95B92BEE-9C01-4C3F-9ECE-0BE841FA1440}.Release|Any CPU.ActiveCfg = Release|Any CPU
		{95B92BEE-9C01-4C3F-9ECE-0BE841FA1440}.Release|Any CPU.Build.0 = Release|Any CPU
		{95B92BEE-9C01-4C3F-9ECE-0BE841FA1440}.Release|ARM.ActiveCfg = Release|Any CPU
		{95B92BEE-9C01-4C3F-9ECE-0BE841FA1440}.Release|ARM.Build.0 = Release|Any CPU
		{95B92BEE-9C01-4C3F-9ECE-0BE841FA1440}.Release|ARM64.ActiveCfg = Release|Any CPU
		{95B92BEE-9C01-4C3F-9ECE-0BE841FA1440}.Release|ARM64.Build.0 = Release|Any CPU
		{95B92BEE-9C01-4C3F-9ECE-0BE841FA1440}.Release|x64.ActiveCfg = Release|Any CPU
		{95B92BEE-9C01-4C3F-9ECE-0BE841FA1440}.Release|x64.Build.0 = Release|Any CPU
		{95B92BEE-9C01-4C3F-9ECE-0BE841FA1440}.Release|x86.ActiveCfg = Release|Any CPU
		{95B92BEE-9C01-4C3F-9ECE-0BE841FA1440}.Release|x86.Build.0 = Release|Any CPU
		{E703B2B7-0ED6-4DF5-A2A0-8BBFD664BCA2}.Debug|Any CPU.ActiveCfg = Debug|Any CPU
		{E703B2B7-0ED6-4DF5-A2A0-8BBFD664BCA2}.Debug|Any CPU.Build.0 = Debug|Any CPU
		{E703B2B7-0ED6-4DF5-A2A0-8BBFD664BCA2}.Debug|ARM.ActiveCfg = Debug|Any CPU
		{E703B2B7-0ED6-4DF5-A2A0-8BBFD664BCA2}.Debug|ARM.Build.0 = Debug|Any CPU
		{E703B2B7-0ED6-4DF5-A2A0-8BBFD664BCA2}.Debug|ARM64.ActiveCfg = Debug|Any CPU
		{E703B2B7-0ED6-4DF5-A2A0-8BBFD664BCA2}.Debug|ARM64.Build.0 = Debug|Any CPU
		{E703B2B7-0ED6-4DF5-A2A0-8BBFD664BCA2}.Debug|x64.ActiveCfg = Debug|Any CPU
		{E703B2B7-0ED6-4DF5-A2A0-8BBFD664BCA2}.Debug|x64.Build.0 = Debug|Any CPU
		{E703B2B7-0ED6-4DF5-A2A0-8BBFD664BCA2}.Debug|x86.ActiveCfg = Debug|Any CPU
		{E703B2B7-0ED6-4DF5-A2A0-8BBFD664BCA2}.Debug|x86.Build.0 = Debug|Any CPU
		{E703B2B7-0ED6-4DF5-A2A0-8BBFD664BCA2}.Release|Any CPU.ActiveCfg = Release|Any CPU
		{E703B2B7-0ED6-4DF5-A2A0-8BBFD664BCA2}.Release|Any CPU.Build.0 = Release|Any CPU
		{E703B2B7-0ED6-4DF5-A2A0-8BBFD664BCA2}.Release|ARM.ActiveCfg = Release|Any CPU
		{E703B2B7-0ED6-4DF5-A2A0-8BBFD664BCA2}.Release|ARM.Build.0 = Release|Any CPU
		{E703B2B7-0ED6-4DF5-A2A0-8BBFD664BCA2}.Release|ARM64.ActiveCfg = Release|Any CPU
		{E703B2B7-0ED6-4DF5-A2A0-8BBFD664BCA2}.Release|ARM64.Build.0 = Release|Any CPU
		{E703B2B7-0ED6-4DF5-A2A0-8BBFD664BCA2}.Release|x64.ActiveCfg = Release|Any CPU
		{E703B2B7-0ED6-4DF5-A2A0-8BBFD664BCA2}.Release|x64.Build.0 = Release|Any CPU
		{E703B2B7-0ED6-4DF5-A2A0-8BBFD664BCA2}.Release|x86.ActiveCfg = Release|Any CPU
		{E703B2B7-0ED6-4DF5-A2A0-8BBFD664BCA2}.Release|x86.Build.0 = Release|Any CPU
		{74F78DE0-C526-4812-A154-959CF68C213E}.Debug|Any CPU.ActiveCfg = Debug|Any CPU
		{74F78DE0-C526-4812-A154-959CF68C213E}.Debug|Any CPU.Build.0 = Debug|Any CPU
		{74F78DE0-C526-4812-A154-959CF68C213E}.Debug|ARM.ActiveCfg = Debug|Any CPU
		{74F78DE0-C526-4812-A154-959CF68C213E}.Debug|ARM.Build.0 = Debug|Any CPU
		{74F78DE0-C526-4812-A154-959CF68C213E}.Debug|ARM64.ActiveCfg = Debug|Any CPU
		{74F78DE0-C526-4812-A154-959CF68C213E}.Debug|ARM64.Build.0 = Debug|Any CPU
		{74F78DE0-C526-4812-A154-959CF68C213E}.Debug|x64.ActiveCfg = Debug|Any CPU
		{74F78DE0-C526-4812-A154-959CF68C213E}.Debug|x64.Build.0 = Debug|Any CPU
		{74F78DE0-C526-4812-A154-959CF68C213E}.Debug|x86.ActiveCfg = Debug|Any CPU
		{74F78DE0-C526-4812-A154-959CF68C213E}.Debug|x86.Build.0 = Debug|Any CPU
		{74F78DE0-C526-4812-A154-959CF68C213E}.Release|Any CPU.ActiveCfg = Release|Any CPU
		{74F78DE0-C526-4812-A154-959CF68C213E}.Release|Any CPU.Build.0 = Release|Any CPU
		{74F78DE0-C526-4812-A154-959CF68C213E}.Release|ARM.ActiveCfg = Release|Any CPU
		{74F78DE0-C526-4812-A154-959CF68C213E}.Release|ARM.Build.0 = Release|Any CPU
		{74F78DE0-C526-4812-A154-959CF68C213E}.Release|ARM64.ActiveCfg = Release|Any CPU
		{74F78DE0-C526-4812-A154-959CF68C213E}.Release|ARM64.Build.0 = Release|Any CPU
		{74F78DE0-C526-4812-A154-959CF68C213E}.Release|x64.ActiveCfg = Release|Any CPU
		{74F78DE0-C526-4812-A154-959CF68C213E}.Release|x64.Build.0 = Release|Any CPU
		{74F78DE0-C526-4812-A154-959CF68C213E}.Release|x86.ActiveCfg = Release|Any CPU
		{74F78DE0-C526-4812-A154-959CF68C213E}.Release|x86.Build.0 = Release|Any CPU
		{A85DB215-5F20-4CF0-8461-B71322DC2BFD}.Debug|Any CPU.ActiveCfg = Debug|Any CPU
		{A85DB215-5F20-4CF0-8461-B71322DC2BFD}.Debug|Any CPU.Build.0 = Debug|Any CPU
		{A85DB215-5F20-4CF0-8461-B71322DC2BFD}.Debug|ARM.ActiveCfg = Debug|Any CPU
		{A85DB215-5F20-4CF0-8461-B71322DC2BFD}.Debug|ARM.Build.0 = Debug|Any CPU
		{A85DB215-5F20-4CF0-8461-B71322DC2BFD}.Debug|ARM64.ActiveCfg = Debug|Any CPU
		{A85DB215-5F20-4CF0-8461-B71322DC2BFD}.Debug|ARM64.Build.0 = Debug|Any CPU
		{A85DB215-5F20-4CF0-8461-B71322DC2BFD}.Debug|x64.ActiveCfg = Debug|Any CPU
		{A85DB215-5F20-4CF0-8461-B71322DC2BFD}.Debug|x64.Build.0 = Debug|Any CPU
		{A85DB215-5F20-4CF0-8461-B71322DC2BFD}.Debug|x86.ActiveCfg = Debug|Any CPU
		{A85DB215-5F20-4CF0-8461-B71322DC2BFD}.Debug|x86.Build.0 = Debug|Any CPU
		{A85DB215-5F20-4CF0-8461-B71322DC2BFD}.Release|Any CPU.ActiveCfg = Release|Any CPU
		{A85DB215-5F20-4CF0-8461-B71322DC2BFD}.Release|Any CPU.Build.0 = Release|Any CPU
		{A85DB215-5F20-4CF0-8461-B71322DC2BFD}.Release|ARM.ActiveCfg = Release|Any CPU
		{A85DB215-5F20-4CF0-8461-B71322DC2BFD}.Release|ARM.Build.0 = Release|Any CPU
		{A85DB215-5F20-4CF0-8461-B71322DC2BFD}.Release|ARM64.ActiveCfg = Release|Any CPU
		{A85DB215-5F20-4CF0-8461-B71322DC2BFD}.Release|ARM64.Build.0 = Release|Any CPU
		{A85DB215-5F20-4CF0-8461-B71322DC2BFD}.Release|x64.ActiveCfg = Release|Any CPU
		{A85DB215-5F20-4CF0-8461-B71322DC2BFD}.Release|x64.Build.0 = Release|Any CPU
		{A85DB215-5F20-4CF0-8461-B71322DC2BFD}.Release|x86.ActiveCfg = Release|Any CPU
		{A85DB215-5F20-4CF0-8461-B71322DC2BFD}.Release|x86.Build.0 = Release|Any CPU
		{3E5700CC-EADB-4BA7-83C0-4BA7A912C299}.Debug|Any CPU.ActiveCfg = Debug|Any CPU
		{3E5700CC-EADB-4BA7-83C0-4BA7A912C299}.Debug|Any CPU.Build.0 = Debug|Any CPU
		{3E5700CC-EADB-4BA7-83C0-4BA7A912C299}.Debug|ARM.ActiveCfg = Debug|Any CPU
		{3E5700CC-EADB-4BA7-83C0-4BA7A912C299}.Debug|ARM.Build.0 = Debug|Any CPU
		{3E5700CC-EADB-4BA7-83C0-4BA7A912C299}.Debug|ARM64.ActiveCfg = Debug|Any CPU
		{3E5700CC-EADB-4BA7-83C0-4BA7A912C299}.Debug|ARM64.Build.0 = Debug|Any CPU
		{3E5700CC-EADB-4BA7-83C0-4BA7A912C299}.Debug|x64.ActiveCfg = Debug|Any CPU
		{3E5700CC-EADB-4BA7-83C0-4BA7A912C299}.Debug|x64.Build.0 = Debug|Any CPU
		{3E5700CC-EADB-4BA7-83C0-4BA7A912C299}.Debug|x86.ActiveCfg = Debug|Any CPU
		{3E5700CC-EADB-4BA7-83C0-4BA7A912C299}.Debug|x86.Build.0 = Debug|Any CPU
		{3E5700CC-EADB-4BA7-83C0-4BA7A912C299}.Release|Any CPU.ActiveCfg = Release|Any CPU
		{3E5700CC-EADB-4BA7-83C0-4BA7A912C299}.Release|Any CPU.Build.0 = Release|Any CPU
		{3E5700CC-EADB-4BA7-83C0-4BA7A912C299}.Release|ARM.ActiveCfg = Release|Any CPU
		{3E5700CC-EADB-4BA7-83C0-4BA7A912C299}.Release|ARM.Build.0 = Release|Any CPU
		{3E5700CC-EADB-4BA7-83C0-4BA7A912C299}.Release|ARM64.ActiveCfg = Release|Any CPU
		{3E5700CC-EADB-4BA7-83C0-4BA7A912C299}.Release|ARM64.Build.0 = Release|Any CPU
		{3E5700CC-EADB-4BA7-83C0-4BA7A912C299}.Release|x64.ActiveCfg = Release|Any CPU
		{3E5700CC-EADB-4BA7-83C0-4BA7A912C299}.Release|x64.Build.0 = Release|Any CPU
		{3E5700CC-EADB-4BA7-83C0-4BA7A912C299}.Release|x86.ActiveCfg = Release|Any CPU
		{3E5700CC-EADB-4BA7-83C0-4BA7A912C299}.Release|x86.Build.0 = Release|Any CPU
	EndGlobalSection
	GlobalSection(SolutionProperties) = preSolution
		HideSolutionNode = FALSE
	EndGlobalSection
	GlobalSection(NestedProjects) = preSolution
		{E9EFE766-9D0A-4304-9920-5D0D6E0D2DC5} = {ACAB4266-A38E-4755-AFCC-883CA5A662AE}
		{9F764D3A-893F-4B2D-A560-2E03419763DD} = {ACAB4266-A38E-4755-AFCC-883CA5A662AE}
		{1D5ECDAF-F356-4155-A64A-DA9A6B70B6CA} = {1C9E9621-BDD4-4E0A-A9A6-31F4A08BE410}
		{B7664BD2-FE91-4DE3-89FC-71EC6E21915C} = {1D5ECDAF-F356-4155-A64A-DA9A6B70B6CA}
		{457B87E0-D705-49D7-9A71-E7B361814861} = {1D5ECDAF-F356-4155-A64A-DA9A6B70B6CA}
		{ACAB4266-A38E-4755-AFCC-883CA5A662AE} = {1C9E9621-BDD4-4E0A-A9A6-31F4A08BE410}
		{F2C1AB75-FCAB-4EC8-9E0A-AD245A284C46} = {1C9E9621-BDD4-4E0A-A9A6-31F4A08BE410}
		{F7F26639-DDC1-420F-9B1F-F1A3545857A0} = {F2C1AB75-FCAB-4EC8-9E0A-AD245A284C46}
		{9D9A21C4-90BB-41CD-BB0A-A7863A0C5576} = {1C9E9621-BDD4-4E0A-A9A6-31F4A08BE410}
		{870C6CCC-63D5-480E-A725-9C1BB2533B39} = {9D9A21C4-90BB-41CD-BB0A-A7863A0C5576}
		{17DC55E8-B662-4D1C-A86F-7BA99D3C976D} = {FD0C72EF-E28A-4212-9A1B-37089933A97F}
		{FED6917C-8DF7-4BD9-A3A8-03686D9DEEEB} = {1C9E9621-BDD4-4E0A-A9A6-31F4A08BE410}
		{DF143949-C890-470F-95F2-86C8D0F02B53} = {FED6917C-8DF7-4BD9-A3A8-03686D9DEEEB}
		{1723CC49-0CB5-4350-86C8-FE87EBBF6E6B} = {ACAB4266-A38E-4755-AFCC-883CA5A662AE}
		{0D83D73C-59AE-475A-AD29-D5053180AC9C} = {FED6917C-8DF7-4BD9-A3A8-03686D9DEEEB}
		{95B92BEE-9C01-4C3F-9ECE-0BE841FA1440} = {F2C1AB75-FCAB-4EC8-9E0A-AD245A284C46}
		{E703B2B7-0ED6-4DF5-A2A0-8BBFD664BCA2} = {F2C1AB75-FCAB-4EC8-9E0A-AD245A284C46}
		{74F78DE0-C526-4812-A154-959CF68C213E} = {F2C1AB75-FCAB-4EC8-9E0A-AD245A284C46}
		{A85DB215-5F20-4CF0-8461-B71322DC2BFD} = {E54F82F3-CD35-4BC1-B459-639857359BA4}
		{3E5700CC-EADB-4BA7-83C0-4BA7A912C299} = {FA660ADD-11BC-4214-B084-8DBB838277CD}
	EndGlobalSection
	GlobalSection(ExtensibilityGlobals) = postSolution
		SolutionGuid = {42E6A8A3-F635-474D-A27F-022AF42A0B16}
	EndGlobalSection
EndGlobal
