
Microsoft Visual Studio Solution File, Format Version 12.00
# Visual Studio 15
VisualStudioVersion = 15.0.28307.705
MinimumVisualStudioVersion = 10.0.40219.1
Project("{9A19103F-16F7-4668-BE54-9A1E7A4F7556}") = "NittyGritty", "NittyGritty\NittyGritty.csproj", "{E9EFE766-9D0A-4304-9920-5D0D6E0D2DC5}"
EndProject
Project("{9A19103F-16F7-4668-BE54-9A1E7A4F7556}") = "NittyGritty.Validation", "NittyGritty.Validation\NittyGritty.Validation.csproj", "{AA551F50-E831-4B15-B01E-7D46CD74A04F}"
EndProject
Project("{2150E333-8FDC-42A3-9474-1A3956D46DE8}") = "Sample", "Sample", "{45AB8857-6521-45EC-B28E-452B666182FE}"
EndProject
Project("{FAE04EC0-301F-11D3-BF4B-00C04F79EFBC}") = "NittyGritty.Sample.Uwp", "Sample\NittyGritty.Sample.Uwp\NittyGritty.Sample.Uwp.csproj", "{333DC346-F66A-4C91-A95E-7C2618724B7C}"
EndProject
Project("{9A19103F-16F7-4668-BE54-9A1E7A4F7556}") = "NittyGritty.Platform", "NittyGritty.Platform\NittyGritty.Platform.csproj", "{9F764D3A-893F-4B2D-A560-2E03419763DD}"
EndProject
Project("{2150E333-8FDC-42A3-9474-1A3956D46DE8}") = "Solution Items", "Solution Items", "{FD0C72EF-E28A-4212-9A1B-37089933A97F}"
	ProjectSection(SolutionItems) = preProject
		global.json = global.json
	EndProjectSection
EndProject
Project("{2150E333-8FDC-42A3-9474-1A3956D46DE8}") = "UI", "UI", "{1D5ECDAF-F356-4155-A64A-DA9A6B70B6CA}"
EndProject
Project("{9A19103F-16F7-4668-BE54-9A1E7A4F7556}") = "NittyGritty.UI", "NittyGritty.UI\NittyGritty.UI.csproj", "{B7664BD2-FE91-4DE3-89FC-71EC6E21915C}"
EndProject
Project("{9A19103F-16F7-4668-BE54-9A1E7A4F7556}") = "NittyGritty.UI.Interactivity", "NittyGritty.UI.Interactivity\NittyGritty.UI.Interactivity.csproj", "{457B87E0-D705-49D7-9A71-E7B361814861}"
EndProject
Project("{2150E333-8FDC-42A3-9474-1A3956D46DE8}") = "Core", "Core", "{ACAB4266-A38E-4755-AFCC-883CA5A662AE}"
EndProject
Project("{2150E333-8FDC-42A3-9474-1A3956D46DE8}") = "nuget", "nuget", "{BC4CC060-B30A-4E01-B5CC-329D1EDF6C11}"
	ProjectSection(SolutionItems) = preProject
		nuget\NittyGritty.1.1.0-beta1.nupkg = nuget\NittyGritty.1.1.0-beta1.nupkg
		nuget\NittyGritty.Platform.1.1.0-beta1.nupkg = nuget\NittyGritty.Platform.1.1.0-beta1.nupkg
		nuget\NittyGritty.Uwp.1.1.0-beta1.nupkg = nuget\NittyGritty.Uwp.1.1.0-beta1.nupkg
	EndProjectSection
EndProject
Project("{2150E333-8FDC-42A3-9474-1A3956D46DE8}") = "UWP", "UWP", "{F2C1AB75-FCAB-4EC8-9E0A-AD245A284C46}"
EndProject
Project("{9A19103F-16F7-4668-BE54-9A1E7A4F7556}") = "NittyGritty.Uwp", "NittyGritty.Uwp\NittyGritty.Uwp.csproj", "{F7F26639-DDC1-420F-9B1F-F1A3545857A0}"
EndProject
Project("{9A19103F-16F7-4668-BE54-9A1E7A4F7556}") = "NittyGritty.Sample.ViewModels", "Sample\NittyGritty.Sample.ViewModels\NittyGritty.Sample.ViewModels.csproj", "{712A1048-4526-454F-B9D2-E447CF5AD036}"
EndProject
Project("{2150E333-8FDC-42A3-9474-1A3956D46DE8}") = "Services", "Services", "{9D9A21C4-90BB-41CD-BB0A-A7863A0C5576}"
EndProject
Project("{9A19103F-16F7-4668-BE54-9A1E7A4F7556}") = "NittyGritty.Services", "NittyGritty.Services\NittyGritty.Services.csproj", "{870C6CCC-63D5-480E-A725-9C1BB2533B39}"
EndProject
Global
	GlobalSection(SolutionConfigurationPlatforms) = preSolution
		Debug|Any CPU = Debug|Any CPU
		Debug|ARM = Debug|ARM
		Debug|ARM64 = Debug|ARM64
		Debug|x64 = Debug|x64
		Debug|x86 = Debug|x86
		Release|Any CPU = Release|Any CPU
		Release|ARM = Release|ARM
		Release|ARM64 = Release|ARM64
		Release|x64 = Release|x64
		Release|x86 = Release|x86
	EndGlobalSection
	GlobalSection(ProjectConfigurationPlatforms) = postSolution
		{E9EFE766-9D0A-4304-9920-5D0D6E0D2DC5}.Debug|Any CPU.ActiveCfg = Debug|Any CPU
		{E9EFE766-9D0A-4304-9920-5D0D6E0D2DC5}.Debug|Any CPU.Build.0 = Debug|Any CPU
		{E9EFE766-9D0A-4304-9920-5D0D6E0D2DC5}.Debug|ARM.ActiveCfg = Debug|Any CPU
		{E9EFE766-9D0A-4304-9920-5D0D6E0D2DC5}.Debug|ARM.Build.0 = Debug|Any CPU
		{E9EFE766-9D0A-4304-9920-5D0D6E0D2DC5}.Debug|ARM64.ActiveCfg = Debug|Any CPU
		{E9EFE766-9D0A-4304-9920-5D0D6E0D2DC5}.Debug|ARM64.Build.0 = Debug|Any CPU
		{E9EFE766-9D0A-4304-9920-5D0D6E0D2DC5}.Debug|x64.ActiveCfg = Debug|Any CPU
		{E9EFE766-9D0A-4304-9920-5D0D6E0D2DC5}.Debug|x64.Build.0 = Debug|Any CPU
		{E9EFE766-9D0A-4304-9920-5D0D6E0D2DC5}.Debug|x86.ActiveCfg = Debug|Any CPU
		{E9EFE766-9D0A-4304-9920-5D0D6E0D2DC5}.Debug|x86.Build.0 = Debug|Any CPU
		{E9EFE766-9D0A-4304-9920-5D0D6E0D2DC5}.Release|Any CPU.ActiveCfg = Release|Any CPU
		{E9EFE766-9D0A-4304-9920-5D0D6E0D2DC5}.Release|Any CPU.Build.0 = Release|Any CPU
		{E9EFE766-9D0A-4304-9920-5D0D6E0D2DC5}.Release|ARM.ActiveCfg = Release|Any CPU
		{E9EFE766-9D0A-4304-9920-5D0D6E0D2DC5}.Release|ARM.Build.0 = Release|Any CPU
		{E9EFE766-9D0A-4304-9920-5D0D6E0D2DC5}.Release|ARM64.ActiveCfg = Release|Any CPU
		{E9EFE766-9D0A-4304-9920-5D0D6E0D2DC5}.Release|ARM64.Build.0 = Release|Any CPU
		{E9EFE766-9D0A-4304-9920-5D0D6E0D2DC5}.Release|x64.ActiveCfg = Release|Any CPU
		{E9EFE766-9D0A-4304-9920-5D0D6E0D2DC5}.Release|x64.Build.0 = Release|Any CPU
		{E9EFE766-9D0A-4304-9920-5D0D6E0D2DC5}.Release|x86.ActiveCfg = Release|Any CPU
		{E9EFE766-9D0A-4304-9920-5D0D6E0D2DC5}.Release|x86.Build.0 = Release|Any CPU
		{AA551F50-E831-4B15-B01E-7D46CD74A04F}.Debug|Any CPU.ActiveCfg = Debug|Any CPU
		{AA551F50-E831-4B15-B01E-7D46CD74A04F}.Debug|Any CPU.Build.0 = Debug|Any CPU
		{AA551F50-E831-4B15-B01E-7D46CD74A04F}.Debug|ARM.ActiveCfg = Debug|Any CPU
		{AA551F50-E831-4B15-B01E-7D46CD74A04F}.Debug|ARM.Build.0 = Debug|Any CPU
		{AA551F50-E831-4B15-B01E-7D46CD74A04F}.Debug|ARM64.ActiveCfg = Debug|Any CPU
		{AA551F50-E831-4B15-B01E-7D46CD74A04F}.Debug|ARM64.Build.0 = Debug|Any CPU
		{AA551F50-E831-4B15-B01E-7D46CD74A04F}.Debug|x64.ActiveCfg = Debug|Any CPU
		{AA551F50-E831-4B15-B01E-7D46CD74A04F}.Debug|x64.Build.0 = Debug|Any CPU
		{AA551F50-E831-4B15-B01E-7D46CD74A04F}.Debug|x86.ActiveCfg = Debug|Any CPU
		{AA551F50-E831-4B15-B01E-7D46CD74A04F}.Debug|x86.Build.0 = Debug|Any CPU
		{AA551F50-E831-4B15-B01E-7D46CD74A04F}.Release|Any CPU.ActiveCfg = Release|Any CPU
		{AA551F50-E831-4B15-B01E-7D46CD74A04F}.Release|Any CPU.Build.0 = Release|Any CPU
		{AA551F50-E831-4B15-B01E-7D46CD74A04F}.Release|ARM.ActiveCfg = Release|Any CPU
		{AA551F50-E831-4B15-B01E-7D46CD74A04F}.Release|ARM.Build.0 = Release|Any CPU
		{AA551F50-E831-4B15-B01E-7D46CD74A04F}.Release|ARM64.ActiveCfg = Release|Any CPU
		{AA551F50-E831-4B15-B01E-7D46CD74A04F}.Release|ARM64.Build.0 = Release|Any CPU
		{AA551F50-E831-4B15-B01E-7D46CD74A04F}.Release|x64.ActiveCfg = Release|Any CPU
		{AA551F50-E831-4B15-B01E-7D46CD74A04F}.Release|x64.Build.0 = Release|Any CPU
		{AA551F50-E831-4B15-B01E-7D46CD74A04F}.Release|x86.ActiveCfg = Release|Any CPU
		{AA551F50-E831-4B15-B01E-7D46CD74A04F}.Release|x86.Build.0 = Release|Any CPU
		{333DC346-F66A-4C91-A95E-7C2618724B7C}.Debug|Any CPU.ActiveCfg = Debug|x86
		{333DC346-F66A-4C91-A95E-7C2618724B7C}.Debug|ARM.ActiveCfg = Debug|ARM
		{333DC346-F66A-4C91-A95E-7C2618724B7C}.Debug|ARM.Build.0 = Debug|ARM
		{333DC346-F66A-4C91-A95E-7C2618724B7C}.Debug|ARM.Deploy.0 = Debug|ARM
		{333DC346-F66A-4C91-A95E-7C2618724B7C}.Debug|ARM64.ActiveCfg = Debug|ARM64
		{333DC346-F66A-4C91-A95E-7C2618724B7C}.Debug|ARM64.Build.0 = Debug|ARM64
		{333DC346-F66A-4C91-A95E-7C2618724B7C}.Debug|ARM64.Deploy.0 = Debug|ARM64
		{333DC346-F66A-4C91-A95E-7C2618724B7C}.Debug|x64.ActiveCfg = Debug|x64
		{333DC346-F66A-4C91-A95E-7C2618724B7C}.Debug|x64.Build.0 = Debug|x64
		{333DC346-F66A-4C91-A95E-7C2618724B7C}.Debug|x64.Deploy.0 = Debug|x64
		{333DC346-F66A-4C91-A95E-7C2618724B7C}.Debug|x86.ActiveCfg = Debug|x86
		{333DC346-F66A-4C91-A95E-7C2618724B7C}.Debug|x86.Build.0 = Debug|x86
		{333DC346-F66A-4C91-A95E-7C2618724B7C}.Debug|x86.Deploy.0 = Debug|x86
		{333DC346-F66A-4C91-A95E-7C2618724B7C}.Release|Any CPU.ActiveCfg = Release|x86
		{333DC346-F66A-4C91-A95E-7C2618724B7C}.Release|ARM.ActiveCfg = Release|ARM
		{333DC346-F66A-4C91-A95E-7C2618724B7C}.Release|ARM.Build.0 = Release|ARM
		{333DC346-F66A-4C91-A95E-7C2618724B7C}.Release|ARM.Deploy.0 = Release|ARM
		{333DC346-F66A-4C91-A95E-7C2618724B7C}.Release|ARM64.ActiveCfg = Release|ARM64
		{333DC346-F66A-4C91-A95E-7C2618724B7C}.Release|ARM64.Build.0 = Release|ARM64
		{333DC346-F66A-4C91-A95E-7C2618724B7C}.Release|ARM64.Deploy.0 = Release|ARM64
		{333DC346-F66A-4C91-A95E-7C2618724B7C}.Release|x64.ActiveCfg = Release|x64
		{333DC346-F66A-4C91-A95E-7C2618724B7C}.Release|x64.Build.0 = Release|x64
		{333DC346-F66A-4C91-A95E-7C2618724B7C}.Release|x64.Deploy.0 = Release|x64
		{333DC346-F66A-4C91-A95E-7C2618724B7C}.Release|x86.ActiveCfg = Release|x86
		{333DC346-F66A-4C91-A95E-7C2618724B7C}.Release|x86.Build.0 = Release|x86
		{333DC346-F66A-4C91-A95E-7C2618724B7C}.Release|x86.Deploy.0 = Release|x86
		{9F764D3A-893F-4B2D-A560-2E03419763DD}.Debug|Any CPU.ActiveCfg = Debug|Any CPU
		{9F764D3A-893F-4B2D-A560-2E03419763DD}.Debug|Any CPU.Build.0 = Debug|Any CPU
		{9F764D3A-893F-4B2D-A560-2E03419763DD}.Debug|ARM.ActiveCfg = Debug|Any CPU
		{9F764D3A-893F-4B2D-A560-2E03419763DD}.Debug|ARM.Build.0 = Debug|Any CPU
		{9F764D3A-893F-4B2D-A560-2E03419763DD}.Debug|ARM64.ActiveCfg = Debug|Any CPU
		{9F764D3A-893F-4B2D-A560-2E03419763DD}.Debug|ARM64.Build.0 = Debug|Any CPU
		{9F764D3A-893F-4B2D-A560-2E03419763DD}.Debug|x64.ActiveCfg = Debug|Any CPU
		{9F764D3A-893F-4B2D-A560-2E03419763DD}.Debug|x64.Build.0 = Debug|Any CPU
		{9F764D3A-893F-4B2D-A560-2E03419763DD}.Debug|x86.ActiveCfg = Debug|Any CPU
		{9F764D3A-893F-4B2D-A560-2E03419763DD}.Debug|x86.Build.0 = Debug|Any CPU
		{9F764D3A-893F-4B2D-A560-2E03419763DD}.Release|Any CPU.ActiveCfg = Release|Any CPU
		{9F764D3A-893F-4B2D-A560-2E03419763DD}.Release|Any CPU.Build.0 = Release|Any CPU
		{9F764D3A-893F-4B2D-A560-2E03419763DD}.Release|ARM.ActiveCfg = Release|Any CPU
		{9F764D3A-893F-4B2D-A560-2E03419763DD}.Release|ARM.Build.0 = Release|Any CPU
		{9F764D3A-893F-4B2D-A560-2E03419763DD}.Release|ARM64.ActiveCfg = Release|Any CPU
		{9F764D3A-893F-4B2D-A560-2E03419763DD}.Release|ARM64.Build.0 = Release|Any CPU
		{9F764D3A-893F-4B2D-A560-2E03419763DD}.Release|x64.ActiveCfg = Release|Any CPU
		{9F764D3A-893F-4B2D-A560-2E03419763DD}.Release|x64.Build.0 = Release|Any CPU
		{9F764D3A-893F-4B2D-A560-2E03419763DD}.Release|x86.ActiveCfg = Release|Any CPU
		{9F764D3A-893F-4B2D-A560-2E03419763DD}.Release|x86.Build.0 = Release|Any CPU
		{B7664BD2-FE91-4DE3-89FC-71EC6E21915C}.Debug|Any CPU.ActiveCfg = Debug|Any CPU
		{B7664BD2-FE91-4DE3-89FC-71EC6E21915C}.Debug|Any CPU.Build.0 = Debug|Any CPU
		{B7664BD2-FE91-4DE3-89FC-71EC6E21915C}.Debug|ARM.ActiveCfg = Debug|Any CPU
		{B7664BD2-FE91-4DE3-89FC-71EC6E21915C}.Debug|ARM.Build.0 = Debug|Any CPU
		{B7664BD2-FE91-4DE3-89FC-71EC6E21915C}.Debug|ARM64.ActiveCfg = Debug|Any CPU
		{B7664BD2-FE91-4DE3-89FC-71EC6E21915C}.Debug|ARM64.Build.0 = Debug|Any CPU
		{B7664BD2-FE91-4DE3-89FC-71EC6E21915C}.Debug|x64.ActiveCfg = Debug|Any CPU
		{B7664BD2-FE91-4DE3-89FC-71EC6E21915C}.Debug|x64.Build.0 = Debug|Any CPU
		{B7664BD2-FE91-4DE3-89FC-71EC6E21915C}.Debug|x86.ActiveCfg = Debug|Any CPU
		{B7664BD2-FE91-4DE3-89FC-71EC6E21915C}.Debug|x86.Build.0 = Debug|Any CPU
		{B7664BD2-FE91-4DE3-89FC-71EC6E21915C}.Release|Any CPU.ActiveCfg = Release|Any CPU
		{B7664BD2-FE91-4DE3-89FC-71EC6E21915C}.Release|Any CPU.Build.0 = Release|Any CPU
		{B7664BD2-FE91-4DE3-89FC-71EC6E21915C}.Release|ARM.ActiveCfg = Release|Any CPU
		{B7664BD2-FE91-4DE3-89FC-71EC6E21915C}.Release|ARM.Build.0 = Release|Any CPU
		{B7664BD2-FE91-4DE3-89FC-71EC6E21915C}.Release|ARM64.ActiveCfg = Release|Any CPU
		{B7664BD2-FE91-4DE3-89FC-71EC6E21915C}.Release|ARM64.Build.0 = Release|Any CPU
		{B7664BD2-FE91-4DE3-89FC-71EC6E21915C}.Release|x64.ActiveCfg = Release|Any CPU
		{B7664BD2-FE91-4DE3-89FC-71EC6E21915C}.Release|x64.Build.0 = Release|Any CPU
		{B7664BD2-FE91-4DE3-89FC-71EC6E21915C}.Release|x86.ActiveCfg = Release|Any CPU
		{B7664BD2-FE91-4DE3-89FC-71EC6E21915C}.Release|x86.Build.0 = Release|Any CPU
		{457B87E0-D705-49D7-9A71-E7B361814861}.Debug|Any CPU.ActiveCfg = Debug|Any CPU
		{457B87E0-D705-49D7-9A71-E7B361814861}.Debug|Any CPU.Build.0 = Debug|Any CPU
		{457B87E0-D705-49D7-9A71-E7B361814861}.Debug|ARM.ActiveCfg = Debug|Any CPU
		{457B87E0-D705-49D7-9A71-E7B361814861}.Debug|ARM.Build.0 = Debug|Any CPU
		{457B87E0-D705-49D7-9A71-E7B361814861}.Debug|ARM64.ActiveCfg = Debug|Any CPU
		{457B87E0-D705-49D7-9A71-E7B361814861}.Debug|ARM64.Build.0 = Debug|Any CPU
		{457B87E0-D705-49D7-9A71-E7B361814861}.Debug|x64.ActiveCfg = Debug|Any CPU
		{457B87E0-D705-49D7-9A71-E7B361814861}.Debug|x64.Build.0 = Debug|Any CPU
		{457B87E0-D705-49D7-9A71-E7B361814861}.Debug|x86.ActiveCfg = Debug|Any CPU
		{457B87E0-D705-49D7-9A71-E7B361814861}.Debug|x86.Build.0 = Debug|Any CPU
		{457B87E0-D705-49D7-9A71-E7B361814861}.Release|Any CPU.ActiveCfg = Release|Any CPU
		{457B87E0-D705-49D7-9A71-E7B361814861}.Release|Any CPU.Build.0 = Release|Any CPU
		{457B87E0-D705-49D7-9A71-E7B361814861}.Release|ARM.ActiveCfg = Release|Any CPU
		{457B87E0-D705-49D7-9A71-E7B361814861}.Release|ARM.Build.0 = Release|Any CPU
		{457B87E0-D705-49D7-9A71-E7B361814861}.Release|ARM64.ActiveCfg = Release|Any CPU
		{457B87E0-D705-49D7-9A71-E7B361814861}.Release|ARM64.Build.0 = Release|Any CPU
		{457B87E0-D705-49D7-9A71-E7B361814861}.Release|x64.ActiveCfg = Release|Any CPU
		{457B87E0-D705-49D7-9A71-E7B361814861}.Release|x64.Build.0 = Release|Any CPU
		{457B87E0-D705-49D7-9A71-E7B361814861}.Release|x86.ActiveCfg = Release|Any CPU
		{457B87E0-D705-49D7-9A71-E7B361814861}.Release|x86.Build.0 = Release|Any CPU
		{F7F26639-DDC1-420F-9B1F-F1A3545857A0}.Debug|Any CPU.ActiveCfg = Debug|Any CPU
		{F7F26639-DDC1-420F-9B1F-F1A3545857A0}.Debug|Any CPU.Build.0 = Debug|Any CPU
		{F7F26639-DDC1-420F-9B1F-F1A3545857A0}.Debug|ARM.ActiveCfg = Debug|Any CPU
		{F7F26639-DDC1-420F-9B1F-F1A3545857A0}.Debug|ARM.Build.0 = Debug|Any CPU
		{F7F26639-DDC1-420F-9B1F-F1A3545857A0}.Debug|ARM64.ActiveCfg = Debug|Any CPU
		{F7F26639-DDC1-420F-9B1F-F1A3545857A0}.Debug|ARM64.Build.0 = Debug|Any CPU
		{F7F26639-DDC1-420F-9B1F-F1A3545857A0}.Debug|x64.ActiveCfg = Debug|Any CPU
		{F7F26639-DDC1-420F-9B1F-F1A3545857A0}.Debug|x64.Build.0 = Debug|Any CPU
		{F7F26639-DDC1-420F-9B1F-F1A3545857A0}.Debug|x86.ActiveCfg = Debug|x86
		{F7F26639-DDC1-420F-9B1F-F1A3545857A0}.Debug|x86.Build.0 = Debug|x86
		{F7F26639-DDC1-420F-9B1F-F1A3545857A0}.Release|Any CPU.ActiveCfg = Release|Any CPU
		{F7F26639-DDC1-420F-9B1F-F1A3545857A0}.Release|Any CPU.Build.0 = Release|Any CPU
		{F7F26639-DDC1-420F-9B1F-F1A3545857A0}.Release|ARM.ActiveCfg = Release|Any CPU
		{F7F26639-DDC1-420F-9B1F-F1A3545857A0}.Release|ARM.Build.0 = Release|Any CPU
		{F7F26639-DDC1-420F-9B1F-F1A3545857A0}.Release|ARM64.ActiveCfg = Release|Any CPU
		{F7F26639-DDC1-420F-9B1F-F1A3545857A0}.Release|ARM64.Build.0 = Release|Any CPU
		{F7F26639-DDC1-420F-9B1F-F1A3545857A0}.Release|x64.ActiveCfg = Release|Any CPU
		{F7F26639-DDC1-420F-9B1F-F1A3545857A0}.Release|x64.Build.0 = Release|Any CPU
		{F7F26639-DDC1-420F-9B1F-F1A3545857A0}.Release|x86.ActiveCfg = Release|x86
		{F7F26639-DDC1-420F-9B1F-F1A3545857A0}.Release|x86.Build.0 = Release|x86
		{712A1048-4526-454F-B9D2-E447CF5AD036}.Debug|Any CPU.ActiveCfg = Debug|Any CPU
		{712A1048-4526-454F-B9D2-E447CF5AD036}.Debug|Any CPU.Build.0 = Debug|Any CPU
		{712A1048-4526-454F-B9D2-E447CF5AD036}.Debug|ARM.ActiveCfg = Debug|Any CPU
		{712A1048-4526-454F-B9D2-E447CF5AD036}.Debug|ARM.Build.0 = Debug|Any CPU
		{712A1048-4526-454F-B9D2-E447CF5AD036}.Debug|ARM64.ActiveCfg = Debug|Any CPU
		{712A1048-4526-454F-B9D2-E447CF5AD036}.Debug|ARM64.Build.0 = Debug|Any CPU
		{712A1048-4526-454F-B9D2-E447CF5AD036}.Debug|x64.ActiveCfg = Debug|Any CPU
		{712A1048-4526-454F-B9D2-E447CF5AD036}.Debug|x64.Build.0 = Debug|Any CPU
		{712A1048-4526-454F-B9D2-E447CF5AD036}.Debug|x86.ActiveCfg = Debug|Any CPU
		{712A1048-4526-454F-B9D2-E447CF5AD036}.Debug|x86.Build.0 = Debug|Any CPU
		{712A1048-4526-454F-B9D2-E447CF5AD036}.Release|Any CPU.ActiveCfg = Release|Any CPU
		{712A1048-4526-454F-B9D2-E447CF5AD036}.Release|Any CPU.Build.0 = Release|Any CPU
		{712A1048-4526-454F-B9D2-E447CF5AD036}.Release|ARM.ActiveCfg = Release|Any CPU
		{712A1048-4526-454F-B9D2-E447CF5AD036}.Release|ARM.Build.0 = Release|Any CPU
		{712A1048-4526-454F-B9D2-E447CF5AD036}.Release|ARM64.ActiveCfg = Release|Any CPU
		{712A1048-4526-454F-B9D2-E447CF5AD036}.Release|ARM64.Build.0 = Release|Any CPU
		{712A1048-4526-454F-B9D2-E447CF5AD036}.Release|x64.ActiveCfg = Release|Any CPU
		{712A1048-4526-454F-B9D2-E447CF5AD036}.Release|x64.Build.0 = Release|Any CPU
		{712A1048-4526-454F-B9D2-E447CF5AD036}.Release|x86.ActiveCfg = Release|Any CPU
		{712A1048-4526-454F-B9D2-E447CF5AD036}.Release|x86.Build.0 = Release|Any CPU
		{870C6CCC-63D5-480E-A725-9C1BB2533B39}.Debug|Any CPU.ActiveCfg = Debug|Any CPU
		{870C6CCC-63D5-480E-A725-9C1BB2533B39}.Debug|Any CPU.Build.0 = Debug|Any CPU
		{870C6CCC-63D5-480E-A725-9C1BB2533B39}.Debug|ARM.ActiveCfg = Debug|Any CPU
		{870C6CCC-63D5-480E-A725-9C1BB2533B39}.Debug|ARM.Build.0 = Debug|Any CPU
		{870C6CCC-63D5-480E-A725-9C1BB2533B39}.Debug|ARM64.ActiveCfg = Debug|Any CPU
		{870C6CCC-63D5-480E-A725-9C1BB2533B39}.Debug|ARM64.Build.0 = Debug|Any CPU
		{870C6CCC-63D5-480E-A725-9C1BB2533B39}.Debug|x64.ActiveCfg = Debug|Any CPU
		{870C6CCC-63D5-480E-A725-9C1BB2533B39}.Debug|x64.Build.0 = Debug|Any CPU
		{870C6CCC-63D5-480E-A725-9C1BB2533B39}.Debug|x86.ActiveCfg = Debug|x86
		{870C6CCC-63D5-480E-A725-9C1BB2533B39}.Debug|x86.Build.0 = Debug|x86
		{870C6CCC-63D5-480E-A725-9C1BB2533B39}.Release|Any CPU.ActiveCfg = Release|Any CPU
		{870C6CCC-63D5-480E-A725-9C1BB2533B39}.Release|Any CPU.Build.0 = Release|Any CPU
		{870C6CCC-63D5-480E-A725-9C1BB2533B39}.Release|ARM.ActiveCfg = Release|Any CPU
		{870C6CCC-63D5-480E-A725-9C1BB2533B39}.Release|ARM.Build.0 = Release|Any CPU
		{870C6CCC-63D5-480E-A725-9C1BB2533B39}.Release|ARM64.ActiveCfg = Release|Any CPU
		{870C6CCC-63D5-480E-A725-9C1BB2533B39}.Release|ARM64.Build.0 = Release|Any CPU
		{870C6CCC-63D5-480E-A725-9C1BB2533B39}.Release|x64.ActiveCfg = Release|Any CPU
		{870C6CCC-63D5-480E-A725-9C1BB2533B39}.Release|x64.Build.0 = Release|Any CPU
		{870C6CCC-63D5-480E-A725-9C1BB2533B39}.Release|x86.ActiveCfg = Release|x86
		{870C6CCC-63D5-480E-A725-9C1BB2533B39}.Release|x86.Build.0 = Release|x86
	EndGlobalSection
	GlobalSection(SolutionProperties) = preSolution
		HideSolutionNode = FALSE
	EndGlobalSection
	GlobalSection(NestedProjects) = preSolution
		{E9EFE766-9D0A-4304-9920-5D0D6E0D2DC5} = {ACAB4266-A38E-4755-AFCC-883CA5A662AE}
		{333DC346-F66A-4C91-A95E-7C2618724B7C} = {45AB8857-6521-45EC-B28E-452B666182FE}
		{9F764D3A-893F-4B2D-A560-2E03419763DD} = {ACAB4266-A38E-4755-AFCC-883CA5A662AE}
		{B7664BD2-FE91-4DE3-89FC-71EC6E21915C} = {1D5ECDAF-F356-4155-A64A-DA9A6B70B6CA}
		{457B87E0-D705-49D7-9A71-E7B361814861} = {1D5ECDAF-F356-4155-A64A-DA9A6B70B6CA}
		{BC4CC060-B30A-4E01-B5CC-329D1EDF6C11} = {FD0C72EF-E28A-4212-9A1B-37089933A97F}
		{F7F26639-DDC1-420F-9B1F-F1A3545857A0} = {F2C1AB75-FCAB-4EC8-9E0A-AD245A284C46}
		{712A1048-4526-454F-B9D2-E447CF5AD036} = {45AB8857-6521-45EC-B28E-452B666182FE}
		{870C6CCC-63D5-480E-A725-9C1BB2533B39} = {9D9A21C4-90BB-41CD-BB0A-A7863A0C5576}
	EndGlobalSection
	GlobalSection(ExtensibilityGlobals) = postSolution
		SolutionGuid = {42E6A8A3-F635-474D-A27F-022AF42A0B16}
	EndGlobalSection
EndGlobal
